// !$*UTF8*$!
{
	archiveVersion = 1;
	classes = {
	};
	objectVersion = 50;
	objects = {

/* Begin PBXBuildFile section */
		5616AAF320E689B100CE6D0E /* AppDelegate.swift in Sources */ = {isa = PBXBuildFile; fileRef = 5616AAF220E689B100CE6D0E /* AppDelegate.swift */; };
		5616AAF520E689B100CE6D0E /* ViewController.swift in Sources */ = {isa = PBXBuildFile; fileRef = 5616AAF420E689B100CE6D0E /* ViewController.swift */; };
		5616AAF820E689B100CE6D0E /* Main.storyboard in Resources */ = {isa = PBXBuildFile; fileRef = 5616AAF620E689B100CE6D0E /* Main.storyboard */; };
		5616AAFA20E689B200CE6D0E /* Assets.xcassets in Resources */ = {isa = PBXBuildFile; fileRef = 5616AAF920E689B200CE6D0E /* Assets.xcassets */; };
		5616AAFD20E689B200CE6D0E /* LaunchScreen.storyboard in Resources */ = {isa = PBXBuildFile; fileRef = 5616AAFB20E689B200CE6D0E /* LaunchScreen.storyboard */; };
/* End PBXBuildFile section */

/* Begin PBXFileReference section */
		5616AAEF20E689B100CE6D0E /* ATM Consultoria.app */ = {isa = PBXFileReference; explicitFileType = wrapper.application; includeInIndex = 0; path = "ATM Consultoria.app"; sourceTree = BUILT_PRODUCTS_DIR; };
		5616AAF220E689B100CE6D0E /* AppDelegate.swift */ = {isa = PBXFileReference; lastKnownFileType = sourcecode.swift; path = AppDelegate.swift; sourceTree = "<group>"; };
		5616AAF420E689B100CE6D0E /* ViewController.swift */ = {isa = PBXFileReference; lastKnownFileType = sourcecode.swift; path = ViewController.swift; sourceTree = "<group>"; };
		5616AAF720E689B100CE6D0E /* Base */ = {isa = PBXFileReference; lastKnownFileType = file.storyboard; name = Base; path = Base.lproj/Main.storyboard; sourceTree = "<group>"; };
		5616AAF920E689B200CE6D0E /* Assets.xcassets */ = {isa = PBXFileReference; lastKnownFileType = folder.assetcatalog; path = Assets.xcassets; sourceTree = "<group>"; };
		5616AAFC20E689B200CE6D0E /* Base */ = {isa = PBXFileReference; lastKnownFileType = file.storyboard; name = Base; path = Base.lproj/LaunchScreen.storyboard; sourceTree = "<group>"; };
		5616AAFE20E689B200CE6D0E /* Info.plist */ = {isa = PBXFileReference; lastKnownFileType = text.plist.xml; path = Info.plist; sourceTree = "<group>"; };
/* End PBXFileReference section */

/* Begin PBXFrameworksBuildPhase section */
		5616AAEC20E689B100CE6D0E /* Frameworks */ = {
			isa = PBXFrameworksBuildPhase;
			buildActionMask = 2147483647;
			files = (
			);
			runOnlyForDeploymentPostprocessing = 0;
		};
/* End PBXFrameworksBuildPhase section */

/* Begin PBXGroup section */
		5616AAE620E689B100CE6D0E = {
			isa = PBXGroup;
			children = (
				5616AAF120E689B100CE6D0E /* ATM Consultoria */,
				5616AAF020E689B100CE6D0E /* Products */,
			);
			sourceTree = "<group>";
		};
		5616AAF020E689B100CE6D0E /* Products */ = {
			isa = PBXGroup;
			children = (
				5616AAEF20E689B100CE6D0E /* ATM Consultoria.app */,
			);
			name = Products;
			sourceTree = "<group>";
		};
		5616AAF120E689B100CE6D0E /* ATM Consultoria */ = {
			isa = PBXGroup;
			children = (
				5616AAF220E689B100CE6D0E /* AppDelegate.swift */,
				5616AAF420E689B100CE6D0E /* ViewController.swift */,
				5616AAF620E689B100CE6D0E /* Main.storyboard */,
				5616AAF920E689B200CE6D0E /* Assets.xcassets */,
				5616AAFB20E689B200CE6D0E /* LaunchScreen.storyboard */,
				5616AAFE20E689B200CE6D0E /* Info.plist */,
			);
			path = "ATM Consultoria";
			sourceTree = "<group>";
		};
/* End PBXGroup section */

/* Begin PBXNativeTarget section */
		5616AAEE20E689B100CE6D0E /* ATM Consultoria */ = {
			isa = PBXNativeTarget;
			buildConfigurationList = 5616AB0120E689B200CE6D0E /* Build configuration list for PBXNativeTarget "ATM Consultoria" */;
			buildPhases = (
				5616AAEB20E689B100CE6D0E /* Sources */,
				5616AAEC20E689B100CE6D0E /* Frameworks */,
				5616AAED20E689B100CE6D0E /* Resources */,
			);
			buildRules = (
			);
			dependencies = (
			);
			name = "ATM Consultoria";
			productName = "ATM Consultoria";
			productReference = 5616AAEF20E689B100CE6D0E /* ATM Consultoria.app */;
			productType = "com.apple.product-type.application";
		};
/* End PBXNativeTarget section */

/* Begin PBXProject section */
		5616AAE720E689B100CE6D0E /* Project object */ = {
			isa = PBXProject;
			attributes = {
				LastSwiftUpdateCheck = 0940;
				LastUpgradeCheck = 0940;
				ORGANIZATIONNAME = tainavm;
				TargetAttributes = {
					5616AAEE20E689B100CE6D0E = {
						CreatedOnToolsVersion = 9.4.1;
					};
				};
			};
			buildConfigurationList = 5616AAEA20E689B100CE6D0E /* Build configuration list for PBXProject "ATM Consultoria" */;
			compatibilityVersion = "Xcode 9.3";
			developmentRegion = en;
			hasScannedForEncodings = 0;
			knownRegions = (
				en,
				Base,
			);
			mainGroup = 5616AAE620E689B100CE6D0E;
			productRefGroup = 5616AAF020E689B100CE6D0E /* Products */;
			projectDirPath = "";
			projectRoot = "";
			targets = (
				5616AAEE20E689B100CE6D0E /* ATM Consultoria */,
			);
		};
/* End PBXProject section */

/* Begin PBXResourcesBuildPhase section */
		5616AAED20E689B100CE6D0E /* Resources */ = {
			isa = PBXResourcesBuildPhase;
			buildActionMask = 2147483647;
			files = (
				5616AAFD20E689B200CE6D0E /* LaunchScreen.storyboard in Resources */,
				5616AAFA20E689B200CE6D0E /* Assets.xcassets in Resources */,
				5616AAF820E689B100CE6D0E /* Main.storyboard in Resources */,
			);
			runOnlyForDeploymentPostprocessing = 0;
		};
/* End PBXResourcesBuildPhase section */

/* Begin PBXSourcesBuildPhase section */
		5616AAEB20E689B100CE6D0E /* Sources */ = {
			isa = PBXSourcesBuildPhase;
			buildActionMask = 2147483647;
			files = (
				5616AAF520E689B100CE6D0E /* ViewController.swift in Sources */,
				5616AAF320E689B100CE6D0E /* AppDelegate.swift in Sources */,
			);
			runOnlyForDeploymentPostprocessing = 0;
		};
/* End PBXSourcesBuildPhase section */

/* Begin PBXVariantGroup section */
		5616AAF620E689B100CE6D0E /* Main.storyboard */ = {
			isa = PBXVariantGroup;
			children = (
				5616AAF720E689B100CE6D0E /* Base */,
			);
			name = Main.storyboard;
			sourceTree = "<group>";
		};
		5616AAFB20E689B200CE6D0E /* LaunchScreen.storyboard */ = {
			isa = PBXVariantGroup;
			children = (
				5616AAFC20E689B200CE6D0E /* Base */,
			);
			name = LaunchScreen.storyboard;
			sourceTree = "<group>";
		};
/* End PBXVariantGroup section */

/* Begin XCBuildConfiguration section */
		5616AAFF20E689B200CE6D0E /* Debug */ = {
			isa = XCBuildConfiguration;
			buildSettings = {
				ALWAYS_SEARCH_USER_PATHS = NO;
				CLANG_ANALYZER_NONNULL = YES;
				CLANG_ANALYZER_NUMBER_OBJECT_CONVERSION = YES_AGGRESSIVE;
				CLANG_CXX_LANGUAGE_STANDARD = "gnu++14";
				CLANG_CXX_LIBRARY = "libc++";
				CLANG_ENABLE_MODULES = YES;
				CLANG_ENABLE_OBJC_ARC = YES;
				CLANG_ENABLE_OBJC_WEAK = YES;
				CLANG_WARN_BLOCK_CAPTURE_AUTORELEASING = YES;
				CLANG_WARN_BOOL_CONVERSION = YES;
				CLANG_WARN_COMMA = YES;
				CLANG_WARN_CONSTANT_CONVERSION = YES;
				CLANG_WARN_DEPRECATED_OBJC_IMPLEMENTATIONS = YES;
				CLANG_WARN_DIRECT_OBJC_ISA_USAGE = YES_ERROR;
				CLANG_WARN_DOCUMENTATION_COMMENTS = YES;
				CLANG_WARN_EMPTY_BODY = YES;
				CLANG_WARN_ENUM_CONVERSION = YES;
				CLANG_WARN_INFINITE_RECURSION = YES;
				CLANG_WARN_INT_CONVERSION = YES;
				CLANG_WARN_NON_LITERAL_NULL_CONVERSION = YES;
				CLANG_WARN_OBJC_IMPLICIT_RETAIN_SELF = YES;
				CLANG_WARN_OBJC_LITERAL_CONVERSION = YES;
				CLANG_WARN_OBJC_ROOT_CLASS = YES_ERROR;
				CLANG_WARN_RANGE_LOOP_ANALYSIS = YES;
				CLANG_WARN_STRICT_PROTOTYPES = YES;
				CLANG_WARN_SUSPICIOUS_MOVE = YES;
				CLANG_WARN_UNGUARDED_AVAILABILITY = YES_AGGRESSIVE;
				CLANG_WARN_UNREACHABLE_CODE = YES;
				CLANG_WARN__DUPLICATE_METHOD_MATCH = YES;
				CODE_SIGN_IDENTITY = "iPhone Developer";
				COPY_PHASE_STRIP = NO;
				DEBUG_INFORMATION_FORMAT = dwarf;
				ENABLE_STRICT_OBJC_MSGSEND = YES;
				ENABLE_TESTABILITY = YES;
				GCC_C_LANGUAGE_STANDARD = gnu11;
				GCC_DYNAMIC_NO_PIC = NO;
				GCC_NO_COMMON_BLOCKS = YES;
				GCC_OPTIMIZATION_LEVEL = 0;
				GCC_PREPROCESSOR_DEFINITIONS = (
					"DEBUG=1",
					"$(inherited)",
				);
				GCC_WARN_64_TO_32_BIT_CONVERSION = YES;
				GCC_WARN_ABOUT_RETURN_TYPE = YES_ERROR;
				GCC_WARN_UNDECLARED_SELECTOR = YES;
				GCC_WARN_UNINITIALIZED_AUTOS = YES_AGGRESSIVE;
				GCC_WARN_UNUSED_FUNCTION = YES;
				GCC_WARN_UNUSED_VARIABLE = YES;
				IPHONEOS_DEPLOYMENT_TARGET = 11.4;
				MTL_ENABLE_DEBUG_INFO = YES;
				ONLY_ACTIVE_ARCH = YES;
				SDKROOT = iphoneos;
				SWIFT_ACTIVE_COMPILATION_CONDITIONS = DEBUG;
				SWIFT_OPTIMIZATION_LEVEL = "-Onone";
			};
			name = Debug;
		};
		5616AB0020E689B200CE6D0E /* Release */ = {
			isa = XCBuildConfiguration;
			buildSettings = {
				ALWAYS_SEARCH_USER_PATHS = NO;
				CLANG_ANALYZER_NONNULL = YES;
				CLANG_ANALYZER_NUMBER_OBJECT_CONVERSION = YES_AGGRESSIVE;
				CLANG_CXX_LANGUAGE_STANDARD = "gnu++14";
				CLANG_CXX_LIBRARY = "libc++";
				CLANG_ENABLE_MODULES = YES;
				CLANG_ENABLE_OBJC_ARC = YES;
				CLANG_ENABLE_OBJC_WEAK = YES;
				CLANG_WARN_BLOCK_CAPTURE_AUTORELEASING = YES;
				CLANG_WARN_BOOL_CONVERSION = YES;
				CLANG_WARN_COMMA = YES;
				CLANG_WARN_CONSTANT_CONVERSION = YES;
				CLANG_WARN_DEPRECATED_OBJC_IMPLEMENTATIONS = YES;
				CLANG_WARN_DIRECT_OBJC_ISA_USAGE = YES_ERROR;
				CLANG_WARN_DOCUMENTATION_COMMENTS = YES;
				CLANG_WARN_EMPTY_BODY = YES;
				CLANG_WARN_ENUM_CONVERSION = YES;
				CLANG_WARN_INFINITE_RECURSION = YES;
				CLANG_WARN_INT_CONVERSION = YES;
				CLANG_WARN_NON_LITERAL_NULL_CONVERSION = YES;
				CLANG_WARN_OBJC_IMPLICIT_RETAIN_SELF = YES;
				CLANG_WARN_OBJC_LITERAL_CONVERSION = YES;
				CLANG_WARN_OBJC_ROOT_CLASS = YES_ERROR;
				CLANG_WARN_RANGE_LOOP_ANALYSIS = YES;
				CLANG_WARN_STRICT_PROTOTYPES = YES;
				CLANG_WARN_SUSPICIOUS_MOVE = YES;
				CLANG_WARN_UNGUARDED_AVAILABILITY = YES_AGGRESSIVE;
				CLANG_WARN_UNREACHABLE_CODE = YES;
				CLANG_WARN__DUPLICATE_METHOD_MATCH = YES;
				CODE_SIGN_IDENTITY = "iPhone Developer";
				COPY_PHASE_STRIP = NO;
				DEBUG_INFORMATION_FORMAT = "dwarf-with-dsym";
				ENABLE_NS_ASSERTIONS = NO;
				ENABLE_STRICT_OBJC_MSGSEND = YES;
				GCC_C_LANGUAGE_STANDARD = gnu11;
				GCC_NO_COMMON_BLOCKS = YES;
				GCC_WARN_64_TO_32_BIT_CONVERSION = YES;
				GCC_WARN_ABOUT_RETURN_TYPE = YES_ERROR;
				GCC_WARN_UNDECLARED_SELECTOR = YES;
				GCC_WARN_UNINITIALIZED_AUTOS = YES_AGGRESSIVE;
				GCC_WARN_UNUSED_FUNCTION = YES;
				GCC_WARN_UNUSED_VARIABLE = YES;
				IPHONEOS_DEPLOYMENT_TARGET = 11.4;
				MTL_ENABLE_DEBUG_INFO = NO;
				SDKROOT = iphoneos;
				SWIFT_COMPILATION_MODE = wholemodule;
				SWIFT_OPTIMIZATION_LEVEL = "-O";
				VALIDATE_PRODUCT = YES;
			};
			name = Release;
		};
		5616AB0220E689B200CE6D0E /* Debug */ = {
			isa = XCBuildConfiguration;
			buildSettings = {
				ASSETCATALOG_COMPILER_APPICON_NAME = AppIcon;
				CODE_SIGN_STYLE = Automatic;
				DEVELOPMENT_TEAM = 975F3AS9QQ;
				INFOPLIST_FILE = "ATM Consultoria/Info.plist";
				LD_RUNPATH_SEARCH_PATHS = (
					"$(inherited)",
					"@executable_path/Frameworks",
				);
				PRODUCT_BUNDLE_IDENTIFIER = "com.tainavm.ATM-Consultoria";
				PRODUCT_NAME = "$(TARGET_NAME)";
				SWIFT_VERSION = 4.0;
				TARGETED_DEVICE_FAMILY = "1,2";
			};
			name = Debug;
		};
		5616AB0320E689B200CE6D0E /* Release */ = {
			isa = XCBuildConfiguration;
			buildSettings = {
				ASSETCATALOG_COMPILER_APPICON_NAME = AppIcon;
				CODE_SIGN_STYLE = Automatic;
				DEVELOPMENT_TEAM = 975F3AS9QQ;
				INFOPLIST_FILE = "ATM Consultoria/Info.plist";
				LD_RUNPATH_SEARCH_PATHS = (
					"$(inherited)",
					"@executable_path/Frameworks",
				);
				PRODUCT_BUNDLE_IDENTIFIER = "com.tainavm.ATM-Consultoria";
				PRODUCT_NAME = "$(TARGET_NAME)";
				SWIFT_VERSION = 4.0;
				TARGETED_DEVICE_FAMILY = "1,2";
			};
			name = Release;
		};
/* End XCBuildConfiguration section */

/* Begin XCConfigurationList section */
		5616AAEA20E689B100CE6D0E /* Build configuration list for PBXProject "ATM Consultoria" */ = {
			isa = XCConfigurationList;
			buildConfigurations = (
				5616AAFF20E689B200CE6D0E /* Debug */,
				5616AB0020E689B200CE6D0E /* Release */,
			);
			defaultConfigurationIsVisible = 0;
			defaultConfigurationName = Release;
		};
		5616AB0120E689B200CE6D0E /* Build configuration list for PBXNativeTarget "ATM Consultoria" */ = {
			isa = XCConfigurationList;
			buildConfigurations = (
				5616AB0220E689B200CE6D0E /* Debug */,
				5616AB0320E689B200CE6D0E /* Release */,
			);
			defaultConfigurationIsVisible = 0;
			defaultConfigurationName = Release;
		};
/* End XCConfigurationList section */
	};
	rootObject = 5616AAE720E689B100CE6D0E /* Project object */;
}
